// !$*UTF8*$!
{
	archiveVersion = 1;
	classes = {
	};
	objectVersion = 46;
	objects = {

/* Begin PBXBuildFile section */
		05D277321BBFABA9000AA18F /* AppDelegate.swift in Sources */ = {isa = PBXBuildFile; fileRef = 05D277311BBFABA9000AA18F /* AppDelegate.swift */; };
		05D277341BBFABA9000AA18F /* ViewController.swift in Sources */ = {isa = PBXBuildFile; fileRef = 05D277331BBFABA9000AA18F /* ViewController.swift */; };
		05D277371BBFABA9000AA18F /* Main.storyboard in Resources */ = {isa = PBXBuildFile; fileRef = 05D277351BBFABA9000AA18F /* Main.storyboard */; };
		05D277391BBFABA9000AA18F /* Assets.xcassets in Resources */ = {isa = PBXBuildFile; fileRef = 05D277381BBFABA9000AA18F /* Assets.xcassets */; };
		05D2773C1BBFABA9000AA18F /* LaunchScreen.storyboard in Resources */ = {isa = PBXBuildFile; fileRef = 05D2773A1BBFABA9000AA18F /* LaunchScreen.storyboard */; };
		05D277461BBFBDCB000AA18F /* DeepPressGestureRecognizer.swift in Sources */ = {isa = PBXBuildFile; fileRef = 05D277451BBFBDCB000AA18F /* DeepPressGestureRecognizer.swift */; settings = {ASSET_TAGS = (); }; };
/* End PBXBuildFile section */

/* Begin PBXFileReference section */
		05D2772E1BBFABA9000AA18F /* DeepPressGestureRecognizer.app */ = {isa = PBXFileReference; explicitFileType = wrapper.application; includeInIndex = 0; path = DeepPressGestureRecognizer.app; sourceTree = BUILT_PRODUCTS_DIR; };
		05D277311BBFABA9000AA18F /* AppDelegate.swift */ = {isa = PBXFileReference; lastKnownFileType = sourcecode.swift; path = AppDelegate.swift; sourceTree = "<group>"; };
		05D277331BBFABA9000AA18F /* ViewController.swift */ = {isa = PBXFileReference; lastKnownFileType = sourcecode.swift; path = ViewController.swift; sourceTree = "<group>"; };
		05D277361BBFABA9000AA18F /* Base */ = {isa = PBXFileReference; lastKnownFileType = file.storyboard; name = Base; path = Base.lproj/Main.storyboard; sourceTree = "<group>"; };
		05D277381BBFABA9000AA18F /* Assets.xcassets */ = {isa = PBXFileReference; lastKnownFileType = folder.assetcatalog; path = Assets.xcassets; sourceTree = "<group>"; };
		05D2773B1BBFABA9000AA18F /* Base */ = {isa = PBXFileReference; lastKnownFileType = file.storyboard; name = Base; path = Base.lproj/LaunchScreen.storyboard; sourceTree = "<group>"; };
		05D2773D1BBFABAA000AA18F /* Info.plist */ = {isa = PBXFileReference; lastKnownFileType = text.plist.xml; path = Info.plist; sourceTree = "<group>"; };
		05D277441BBFAE6A000AA18F /* Header.h */ = {isa = PBXFileReference; lastKnownFileType = sourcecode.c.h; name = Header.h; path = deepPressGestureRecognizer/Header.h; sourceTree = "<group>"; };
		05D277451BBFBDCB000AA18F /* DeepPressGestureRecognizer.swift */ = {isa = PBXFileReference; fileEncoding = 4; lastKnownFileType = sourcecode.swift; name = DeepPressGestureRecognizer.swift; path = deepPressGestureRecognizer/DeepPressGestureRecognizer.swift; sourceTree = "<group>"; };
/* End PBXFileReference section */

/* Begin PBXFrameworksBuildPhase section */
		05D2772B1BBFABA9000AA18F /* Frameworks */ = {
			isa = PBXFrameworksBuildPhase;
			buildActionMask = 2147483647;
			files = (
			);
			runOnlyForDeploymentPostprocessing = 0;
		};
/* End PBXFrameworksBuildPhase section */

/* Begin PBXGroup section */
		05D277251BBFABA9000AA18F = {
			isa = PBXGroup;
			children = (
				05D277301BBFABA9000AA18F /* DeepPressGestureRecognizer */,
				05D2772F1BBFABA9000AA18F /* Products */,
			);
			sourceTree = "<group>";
		};
		05D2772F1BBFABA9000AA18F /* Products */ = {
			isa = PBXGroup;
			children = (
				05D2772E1BBFABA9000AA18F /* DeepPressGestureRecognizer.app */,
			);
			name = Products;
			sourceTree = "<group>";
		};
		05D277301BBFABA9000AA18F /* DeepPressGestureRecognizer */ = {
			isa = PBXGroup;
			children = (
				05D277431BBFAE3A000AA18F /* deepPressGestureRecognizer */,
				05D277311BBFABA9000AA18F /* AppDelegate.swift */,
				05D277331BBFABA9000AA18F /* ViewController.swift */,
				05D277351BBFABA9000AA18F /* Main.storyboard */,
				05D277381BBFABA9000AA18F /* Assets.xcassets */,
				05D2773A1BBFABA9000AA18F /* LaunchScreen.storyboard */,
				05D2773D1BBFABAA000AA18F /* Info.plist */,
			);
			path = DeepPressGestureRecognizer;
			sourceTree = "<group>";
		};
		05D277431BBFAE3A000AA18F /* deepPressGestureRecognizer */ = {
			isa = PBXGroup;
			children = (
				05D277441BBFAE6A000AA18F /* Header.h */,
				05D277451BBFBDCB000AA18F /* DeepPressGestureRecognizer.swift */,
			);
			name = deepPressGestureRecognizer;
			sourceTree = "<group>";
		};
/* End PBXGroup section */

/* Begin PBXNativeTarget section */
		05D2772D1BBFABA9000AA18F /* DeepPressGestureRecognizer */ = {
			isa = PBXNativeTarget;
			buildConfigurationList = 05D277401BBFABAA000AA18F /* Build configuration list for PBXNativeTarget "DeepPressGestureRecognizer" */;
			buildPhases = (
				05D2772A1BBFABA9000AA18F /* Sources */,
				05D2772B1BBFABA9000AA18F /* Frameworks */,
				05D2772C1BBFABA9000AA18F /* Resources */,
			);
			buildRules = (
			);
			dependencies = (
			);
			name = DeepPressGestureRecognizer;
			productName = DeepPressGestureRecognizer;
			productReference = 05D2772E1BBFABA9000AA18F /* DeepPressGestureRecognizer.app */;
			productType = "com.apple.product-type.application";
		};
/* End PBXNativeTarget section */

/* Begin PBXProject section */
		05D277261BBFABA9000AA18F /* Project object */ = {
			isa = PBXProject;
			attributes = {
				LastUpgradeCheck = 0700;
				ORGANIZATIONNAME = "Simon Gladman";
				TargetAttributes = {
					05D2772D1BBFABA9000AA18F = {
						CreatedOnToolsVersion = 7.0;
					};
				};
			};
			buildConfigurationList = 05D277291BBFABA9000AA18F /* Build configuration list for PBXProject "DeepPressGestureRecognizer" */;
			compatibilityVersion = "Xcode 3.2";
			developmentRegion = English;
			hasScannedForEncodings = 0;
			knownRegions = (
				en,
				Base,
			);
			mainGroup = 05D277251BBFABA9000AA18F;
			productRefGroup = 05D2772F1BBFABA9000AA18F /* Products */;
			projectDirPath = "";
			projectRoot = "";
			targets = (
				05D2772D1BBFABA9000AA18F /* DeepPressGestureRecognizer */,
			);
		};
/* End PBXProject section */

/* Begin PBXResourcesBuildPhase section */
		05D2772C1BBFABA9000AA18F /* Resources */ = {
			isa = PBXResourcesBuildPhase;
			buildActionMask = 2147483647;
			files = (
				05D2773C1BBFABA9000AA18F /* LaunchScreen.storyboard in Resources */,
				05D277391BBFABA9000AA18F /* Assets.xcassets in Resources */,
				05D277371BBFABA9000AA18F /* Main.storyboard in Resources */,
			);
			runOnlyForDeploymentPostprocessing = 0;
		};
/* End PBXResourcesBuildPhase section */

/* Begin PBXSourcesBuildPhase section */
		05D2772A1BBFABA9000AA18F /* Sources */ = {
			isa = PBXSourcesBuildPhase;
			buildActionMask = 2147483647;
			files = (
				05D277461BBFBDCB000AA18F /* DeepPressGestureRecognizer.swift in Sources */,
				05D277341BBFABA9000AA18F /* ViewController.swift in Sources */,
				05D277321BBFABA9000AA18F /* AppDelegate.swift in Sources */,
			);
			runOnlyForDeploymentPostprocessing = 0;
		};
/* End PBXSourcesBuildPhase section */

/* Begin PBXVariantGroup section */
		05D277351BBFABA9000AA18F /* Main.storyboard */ = {
			isa = PBXVariantGroup;
			children = (
				05D277361BBFABA9000AA18F /* Base */,
			);
			name = Main.storyboard;
			sourceTree = "<group>";
		};
		05D2773A1BBFABA9000AA18F /* LaunchScreen.storyboard */ = {
			isa = PBXVariantGroup;
			children = (
				05D2773B1BBFABA9000AA18F /* Base */,
			);
			name = LaunchScreen.storyboard;
			sourceTree = "<group>";
		};
/* End PBXVariantGroup section */

/* Begin XCBuildConfiguration section */
		05D2773E1BBFABAA000AA18F /* Debug */ = {
			isa = XCBuildConfiguration;
			buildSettings = {
				ALWAYS_SEARCH_USER_PATHS = NO;
				CLANG_CXX_LANGUAGE_STANDARD = "gnu++0x";
				CLANG_CXX_LIBRARY = "libc++";
				CLANG_ENABLE_MODULES = YES;
				CLANG_ENABLE_OBJC_ARC = YES;
				CLANG_WARN_BOOL_CONVERSION = YES;
				CLANG_WARN_CONSTANT_CONVERSION = YES;
				CLANG_WARN_DIRECT_OBJC_ISA_USAGE = YES_ERROR;
				CLANG_WARN_EMPTY_BODY = YES;
				CLANG_WARN_ENUM_CONVERSION = YES;
				CLANG_WARN_INT_CONVERSION = YES;
				CLANG_WARN_OBJC_ROOT_CLASS = YES_ERROR;
				CLANG_WARN_UNREACHABLE_CODE = YES;
				CLANG_WARN__DUPLICATE_METHOD_MATCH = YES;
				"CODE_SIGN_IDENTITY[sdk=iphoneos*]" = "iPhone Developer";
				COPY_PHASE_STRIP = NO;
				DEBUG_INFORMATION_FORMAT = dwarf;
				ENABLE_STRICT_OBJC_MSGSEND = YES;
				ENABLE_TESTABILITY = YES;
				GCC_C_LANGUAGE_STANDARD = gnu99;
				GCC_DYNAMIC_NO_PIC = NO;
				GCC_NO_COMMON_BLOCKS = YES;
				GCC_OPTIMIZATION_LEVEL = 0;
				GCC_PREPROCESSOR_DEFINITIONS = (
					"DEBUG=1",
					"$(inherited)",
				);
				GCC_WARN_64_TO_32_BIT_CONVERSION = YES;
				GCC_WARN_ABOUT_RETURN_TYPE = YES_ERROR;
				GCC_WARN_UNDECLARED_SELECTOR = YES;
				GCC_WARN_UNINITIALIZED_AUTOS = YES_AGGRESSIVE;
				GCC_WARN_UNUSED_FUNCTION = YES;
				GCC_WARN_UNUSED_VARIABLE = YES;
				IPHONEOS_DEPLOYMENT_TARGET = 9.0;
				MTL_ENABLE_DEBUG_INFO = YES;
				ONLY_ACTIVE_ARCH = YES;
				SDKROOT = iphoneos;
				SWIFT_OPTIMIZATION_LEVEL = "-Onone";
				TARGETED_DEVICE_FAMILY = "1,2";
			};
			name = Debug;
		};
		05D2773F1BBFABAA000AA18F /* Release */ = {
			isa = XCBuildConfiguration;
			buildSettings = {
				ALWAYS_SEARCH_USER_PATHS = NO;
				CLANG_CXX_LANGUAGE_STANDARD = "gnu++0x";
				CLANG_CXX_LIBRARY = "libc++";
				CLANG_ENABLE_MODULES = YES;
				CLANG_ENABLE_OBJC_ARC = YES;
				CLANG_WARN_BOOL_CONVERSION = YES;
				CLANG_WARN_CONSTANT_CONVERSION = YES;
				CLANG_WARN_DIRECT_OBJC_ISA_USAGE = YES_ERROR;
				CLANG_WARN_EMPTY_BODY = YES;
				CLANG_WARN_ENUM_CONVERSION = YES;
				CLANG_WARN_INT_CONVERSION = YES;
				CLANG_WARN_OBJC_ROOT_CLASS = YES_ERROR;
				CLANG_WARN_UNREACHABLE_CODE = YES;
				CLANG_WARN__DUPLICATE_METHOD_MATCH = YES;
				"CODE_SIGN_IDENTITY[sdk=iphoneos*]" = "iPhone Developer";
				COPY_PHASE_STRIP = NO;
				DEBUG_INFORMATION_FORMAT = "dwarf-with-dsym";
				ENABLE_NS_ASSERTIONS = NO;
				ENABLE_STRICT_OBJC_MSGSEND = YES;
				GCC_C_LANGUAGE_STANDARD = gnu99;
				GCC_NO_COMMON_BLOCKS = YES;
				GCC_WARN_64_TO_32_BIT_CONVERSION = YES;
				GCC_WARN_ABOUT_RETURN_TYPE = YES_ERROR;
				GCC_WARN_UNDECLARED_SELECTOR = YES;
				GCC_WARN_UNINITIALIZED_AUTOS = YES_AGGRESSIVE;
				GCC_WARN_UNUSED_FUNCTION = YES;
				GCC_WARN_UNUSED_VARIABLE = YES;
				IPHONEOS_DEPLOYMENT_TARGET = 9.0;
				MTL_ENABLE_DEBUG_INFO = NO;
				SDKROOT = iphoneos;
				TARGETED_DEVICE_FAMILY = "1,2";
				VALIDATE_PRODUCT = YES;
			};
			name = Release;
		};
		05D277411BBFABAA000AA18F /* Debug */ = {
			isa = XCBuildConfiguration;
			buildSettings = {
				ASSETCATALOG_COMPILER_APPICON_NAME = AppIcon;
				INFOPLIST_FILE = DeepPressGestureRecognizer/Info.plist;
				LD_RUNPATH_SEARCH_PATHS = "$(inherited) @executable_path/Frameworks";
				PRODUCT_BUNDLE_IDENTIFIER = uk.co.flexmonkey.DeepPressGestureRecognizer;
				PRODUCT_NAME = "$(TARGET_NAME)";
				SWIFT_OBJC_BRIDGING_HEADER = ./DeepPressGestureRecognizer/deepPressGestureRecognizer/Header.h;
			};
			name = Debug;
		};
		05D277421BBFABAA000AA18F /* Release */ = {
			isa = XCBuildConfiguration;
			buildSettings = {
				ASSETCATALOG_COMPILER_APPICON_NAME = AppIcon;
				INFOPLIST_FILE = DeepPressGestureRecognizer/Info.plist;
				LD_RUNPATH_SEARCH_PATHS = "$(inherited) @executable_path/Frameworks";
				PRODUCT_BUNDLE_IDENTIFIER = uk.co.flexmonkey.DeepPressGestureRecognizer;
				PRODUCT_NAME = "$(TARGET_NAME)";
				SWIFT_OBJC_BRIDGING_HEADER = ./DeepPressGestureRecognizer/deepPressGestureRecognizer/Header.h;
			};
			name = Release;
		};
/* End XCBuildConfiguration section */

/* Begin XCConfigurationList section */
		05D277291BBFABA9000AA18F /* Build configuration list for PBXProject "DeepPressGestureRecognizer" */ = {
			isa = XCConfigurationList;
			buildConfigurations = (
				05D2773E1BBFABAA000AA18F /* Debug */,
				05D2773F1BBFABAA000AA18F /* Release */,
			);
			defaultConfigurationIsVisible = 0;
			defaultConfigurationName = Release;
		};
		05D277401BBFABAA000AA18F /* Build configuration list for PBXNativeTarget "DeepPressGestureRecognizer" */ = {
			isa = XCConfigurationList;
			buildConfigurations = (
				05D277411BBFABAA000AA18F /* Debug */,
				05D277421BBFABAA000AA18F /* Release */,
			);
			defaultConfigurationIsVisible = 0;
		};
/* End XCConfigurationList section */
	};
	rootObject = 05D277261BBFABA9000AA18F /* Project object */;
}
